
Microsoft Visual Studio Solution File, Format Version 12.00
# Visual Studio Version 16
VisualStudioVersion = 16.0.34601.136
MinimumVisualStudioVersion = 10.0.40219.1
Project("{FAE04EC0-301F-11D3-BF4B-00C04F79EFBC}") = "TesteGitBash", "TesteGitBash\TesteGitBash.csproj", "{798DE6C5-2DBB-4F23-8E21-DCDC6782BF6F}"
EndProject
Global
	GlobalSection(SolutionConfigurationPlatforms) = preSolution
		Debug|Any CPU = Debug|Any CPU
		Release|Any CPU = Release|Any CPU
	EndGlobalSection
	GlobalSection(ProjectConfigurationPlatforms) = postSolution
		{798DE6C5-2DBB-4F23-8E21-DCDC6782BF6F}.Debug|Any CPU.ActiveCfg = Debug|Any CPU
		{798DE6C5-2DBB-4F23-8E21-DCDC6782BF6F}.Debug|Any CPU.Build.0 = Debug|Any CPU
		{798DE6C5-2DBB-4F23-8E21-DCDC6782BF6F}.Release|Any CPU.ActiveCfg = Release|Any CPU
		{798DE6C5-2DBB-4F23-8E21-DCDC6782BF6F}.Release|Any CPU.Build.0 = Release|Any CPU
	EndGlobalSection
	GlobalSection(SolutionProperties) = preSolution
		HideSolutionNode = FALSE
	EndGlobalSection
	GlobalSection(ExtensibilityGlobals) = postSolution
		SolutionGuid = {AE5728FA-5CA4-431D-B685-9FE6B9B797E0}
	EndGlobalSection
EndGlobal
